
Microsoft Visual Studio Solution File, Format Version 12.00
# Visual Studio Version 17
VisualStudioVersion = 17.10.35013.160
MinimumVisualStudioVersion = 10.0.40219.1
Project("{FAE04EC0-301F-11D3-BF4B-00C04F79EFBC}") = "Amazon.Library", "Amazon.Library\Amazon.Library.csproj", "{215F9848-C907-461A-83FF-656C46367DAE}"
EndProject
Project("{FAE04EC0-301F-11D3-BF4B-00C04F79EFBC}") = "Amazon.MAUI", "Amazon.MAUI\Amazon.MAUI.csproj", "{881E3614-F229-42C2-ADE1-82F76F89BB04}"
EndProject
Global
	GlobalSection(SolutionConfigurationPlatforms) = preSolution
		Debug|Any CPU = Debug|Any CPU
		Release|Any CPU = Release|Any CPU
	EndGlobalSection
	GlobalSection(ProjectConfigurationPlatforms) = postSolution
		{215F9848-C907-461A-83FF-656C46367DAE}.Debug|Any CPU.ActiveCfg = Debug|Any CPU
		{215F9848-C907-461A-83FF-656C46367DAE}.Debug|Any CPU.Build.0 = Debug|Any CPU
		{215F9848-C907-461A-83FF-656C46367DAE}.Release|Any CPU.ActiveCfg = Release|Any CPU
		{215F9848-C907-461A-83FF-656C46367DAE}.Release|Any CPU.Build.0 = Release|Any CPU
		{881E3614-F229-42C2-ADE1-82F76F89BB04}.Debug|Any CPU.ActiveCfg = Debug|Any CPU
		{881E3614-F229-42C2-ADE1-82F76F89BB04}.Debug|Any CPU.Build.0 = Debug|Any CPU
		{881E3614-F229-42C2-ADE1-82F76F89BB04}.Debug|Any CPU.Deploy.0 = Debug|Any CPU
		{881E3614-F229-42C2-ADE1-82F76F89BB04}.Release|Any CPU.ActiveCfg = Release|Any CPU
		{881E3614-F229-42C2-ADE1-82F76F89BB04}.Release|Any CPU.Build.0 = Release|Any CPU
		{881E3614-F229-42C2-ADE1-82F76F89BB04}.Release|Any CPU.Deploy.0 = Release|Any CPU
	EndGlobalSection
	GlobalSection(SolutionProperties) = preSolution
		HideSolutionNode = FALSE
	EndGlobalSection
	GlobalSection(ExtensibilityGlobals) = postSolution
		SolutionGuid = {3C906CFF-C0E2-4511-AADE-723A651714D9}
	EndGlobalSection
EndGlobal
